
Microsoft Visual Studio Solution File, Format Version 12.00
# Visual Studio Version 17
VisualStudioVersion = 17.12.35527.113 d17.12
MinimumVisualStudioVersion = 10.0.40219.1
Project("{FAE04EC0-301F-11D3-BF4B-00C04F79EFBC}") = "pr10_API_permilka", "pr10_API_permilka.csproj", "{8B571089-4AE4-4BB7-8897-3093344832F3}"
EndProject
Global
	GlobalSection(SolutionConfigurationPlatforms) = preSolution
		Debug|Any CPU = Debug|Any CPU
		Release|Any CPU = Release|Any CPU
	EndGlobalSection
	GlobalSection(ProjectConfigurationPlatforms) = postSolution
		{8B571089-4AE4-4BB7-8897-3093344832F3}.Debug|Any CPU.ActiveCfg = Debug|Any CPU
		{8B571089-4AE4-4BB7-8897-3093344832F3}.Debug|Any CPU.Build.0 = Debug|Any CPU
		{8B571089-4AE4-4BB7-8897-3093344832F3}.Release|Any CPU.ActiveCfg = Release|Any CPU
		{8B571089-4AE4-4BB7-8897-3093344832F3}.Release|Any CPU.Build.0 = Release|Any CPU
	EndGlobalSection
	GlobalSection(SolutionProperties) = preSolution
		HideSolutionNode = FALSE
	EndGlobalSection
EndGlobal
